<?xml version="1.0" encoding="UTF-8" standalone="yes" ?>
<CodeBlocks_project_file>
	<FileVersion major="1" minor="6" />
	<Project>
		<Option title="gw2DatTools" />
		<Option pch_mode="2" />
		<Option compiler="gcc" />
		<Build>
			<Target title="Debug">
				<Option output="../lib/Debug/gw2DatTools" prefix_auto="1" extension_auto="1" />
				<Option working_dir="" />
				<Option object_output="../obj/Debug/" />
				<Option type="2" />
				<Option compiler="gcc" />
				<Option createDefFile="1" />
				<Compiler>
					<Add option="-std=c++11" />
					<Add option="-Wall" />
					<Add option="-g" />
					<Add directory="../include" />
				</Compiler>
				<Linker>
					<Add library="user32" />
				</Linker>
			</Target>
			<Target title="Release">
				<Option output="../lib/Release/gw2DatTools" prefix_auto="1" extension_auto="1" />
				<Option working_dir="" />
				<Option object_output="../obj/Release/" />
				<Option type="2" />
				<Option compiler="gcc" />
				<Option createDefFile="1" />
				<Compiler>
					<Add option="-O2" />
					<Add option="-std=c++11" />
					<Add option="-Wall" />
					<Add option="-D__NO_INLINE__" />
					<Add directory="../include" />
				</Compiler>
				<Linker>
					<Add option="-s" />
					<Add library="user32" />
				</Linker>
			</Target>
		</Build>
		<Unit filename="../include/gw2DatTools/c_api/compression_inflateDatFileBuffer.h" />
		<Unit filename="../include/gw2DatTools/compression/inflateDatFileBuffer.h" />
		<Unit filename="../include/gw2DatTools/compression/inflateTextureFileBuffer.h" />
		<Unit filename="../include/gw2DatTools/dllMacros.h" />
		<Unit filename="../include/gw2DatTools/exception/Exception.h" />
		<Unit filename="../include/gw2DatTools/interface/ANDatInterface.h" />
		<Unit filename="../src/gw2DatTools/c_api/compression_inflateDatFileBuffer.cpp" />
		<Unit filename="../src/gw2DatTools/compression/HuffmanTree.h" />
		<Unit filename="../src/gw2DatTools/compression/huffmanTreeUtils.cpp" />
		<Unit filename="../src/gw2DatTools/compression/huffmanTreeUtils.h" />
		<Unit filename="../src/gw2DatTools/compression/inflateDatFileBuffer.cpp" />
		<Unit filename="../src/gw2DatTools/compression/inflateTextureFileBuffer.cpp" />
		<Unit filename="../src/gw2DatTools/exception/Exception.cpp" />
		<Unit filename="../src/gw2DatTools/format/ANDat.cpp" />
		<Unit filename="../src/gw2DatTools/format/ANDat.h" />
		<Unit filename="../src/gw2DatTools/format/Mapping.cpp" />
		<Unit filename="../src/gw2DatTools/format/Mapping.h" />
		<Unit filename="../src/gw2DatTools/format/Mft.cpp" />
		<Unit filename="../src/gw2DatTools/format/Mft.h" />
		<Unit filename="../src/gw2DatTools/format/Utils.h" />
		<Unit filename="../src/gw2DatTools/interface/ANDatInterface.cpp" />
		<Unit filename="../src/gw2DatTools/utils/BitArray.h" />
		<Extensions>
			<code_completion />
			<envvars />
			<debugger />
			<lib_finder disable_auto="1" />
		</Extensions>
	</Project>
</CodeBlocks_project_file>
