<?xml version="1.0" encoding="utf-8"?>
<Project ToolsVersion="4.0" xmlns="http://schemas.microsoft.com/developer/msbuild/2003">
  <ItemGroup>
    <Filter Include="Source Files">
      <UniqueIdentifier>{4FC737F1-C7A5-4376-A066-2A32D752A2FF}</UniqueIdentifier>
      <Extensions>cpp;c;cc;cxx;def;odl;idl;hpj;bat;asm;asmx</Extensions>
    </Filter>
    <Filter Include="Header Files">
      <UniqueIdentifier>{93995380-89BD-4b04-88EB-625FBE52EBFB}</UniqueIdentifier>
      <Extensions>h;hpp;hxx;hm;inl;inc;xsd</Extensions>
    </Filter>
    <Filter Include="Resource Files">
      <UniqueIdentifier>{67DA6AB6-F800-4c08-8B7A-83BB121AAD01}</UniqueIdentifier>
      <Extensions>rc;ico;cur;bmp;dlg;rc2;rct;bin;rgs;gif;jpg;jpeg;jpe;resx;tiff;tif;png;wav;mfcribbon-ms</Extensions>
    </Filter>
    <Filter Include="Header Files\c_api">
      <UniqueIdentifier>{f3cb7682-d58c-4c5c-8b77-62e6372002f7}</UniqueIdentifier>
    </Filter>
    <Filter Include="Source Files\c_api">
      <UniqueIdentifier>{86445494-c49b-42a4-84a3-3fdc60129942}</UniqueIdentifier>
    </Filter>
    <Filter Include="Source Files\compression">
      <UniqueIdentifier>{7f9ef243-dae3-4404-94cf-995e234c6bff}</UniqueIdentifier>
    </Filter>
    <Filter Include="Source Files\exception">
      <UniqueIdentifier>{494bed81-fa27-4022-9d9b-d120ecfb959b}</UniqueIdentifier>
    </Filter>
    <Filter Include="Source Files\format">
      <UniqueIdentifier>{ae6fe03d-938e-4a86-96df-d6a7430431c0}</UniqueIdentifier>
    </Filter>
    <Filter Include="Source Files\interface">
      <UniqueIdentifier>{581171f0-d4e4-4d2b-ac76-05886b78062e}</UniqueIdentifier>
    </Filter>
    <Filter Include="Source Files\utils">
      <UniqueIdentifier>{86240488-8a6c-4f55-9806-4ab2003b6cc8}</UniqueIdentifier>
    </Filter>
    <Filter Include="Header Files\compression">
      <UniqueIdentifier>{6483d068-5b19-41d7-a542-f3a218709cd6}</UniqueIdentifier>
    </Filter>
    <Filter Include="Header Files\exception">
      <UniqueIdentifier>{f7148dba-4cd5-4baa-909b-fa20765872bb}</UniqueIdentifier>
    </Filter>
    <Filter Include="Header Files\interface">
      <UniqueIdentifier>{d26d5dba-5ae5-4bdf-96b6-8c4ec26f12e4}</UniqueIdentifier>
    </Filter>
  </ItemGroup>
  <ItemGroup>
    <None Include="..\src\gw2dattools\compression\HuffmanTree.i">
      <Filter>Source Files\compression</Filter>
    </None>
    <None Include="..\src\gw2dattools\utils\BitArray.i">
      <Filter>Source Files\utils</Filter>
    </None>
  </ItemGroup>
  <ItemGroup>
    <ClCompile Include="..\src\gw2dattools\c_api\compression_inflateDatFileBuffer.cpp">
      <Filter>Source Files\c_api</Filter>
    </ClCompile>
    <ClCompile Include="..\src\gw2dattools\compression\huffmanTreeUtils.cpp">
      <Filter>Source Files\compression</Filter>
    </ClCompile>
    <ClCompile Include="..\src\gw2dattools\compression\inflateDatFileBuffer.cpp">
      <Filter>Source Files\compression</Filter>
    </ClCompile>
    <ClCompile Include="..\src\gw2dattools\compression\inflateTextureFileBuffer.cpp">
      <Filter>Source Files\compression</Filter>
    </ClCompile>
    <ClCompile Include="..\src\gw2dattools\exception\Exception.cpp">
      <Filter>Source Files\exception</Filter>
    </ClCompile>
    <ClCompile Include="..\src\gw2dattools\format\ANDat.cpp">
      <Filter>Source Files\format</Filter>
    </ClCompile>
    <ClCompile Include="..\src\gw2dattools\format\Mapping.cpp">
      <Filter>Source Files\format</Filter>
    </ClCompile>
    <ClCompile Include="..\src\gw2dattools\format\Mft.cpp">
      <Filter>Source Files\format</Filter>
    </ClCompile>
    <ClCompile Include="..\src\gw2dattools\interface\ANDatInterface.cpp">
      <Filter>Source Files\interface</Filter>
    </ClCompile>
  </ItemGroup>
  <ItemGroup>
    <ClInclude Include="..\include\gw2dattools\dllMacros.h">
      <Filter>Header Files</Filter>
    </ClInclude>
    <ClInclude Include="..\include\gw2dattools\c_api\compression_inflateDatFileBuffer.h">
      <Filter>Header Files\c_api</Filter>
    </ClInclude>
    <ClInclude Include="..\src\gw2dattools\compression\HuffmanTree.h">
      <Filter>Source Files\compression</Filter>
    </ClInclude>
    <ClInclude Include="..\src\gw2dattools\compression\huffmanTreeUtils.h">
      <Filter>Source Files\compression</Filter>
    </ClInclude>
    <ClInclude Include="..\src\gw2dattools\format\Utils.h">
      <Filter>Source Files\format</Filter>
    </ClInclude>
    <ClInclude Include="..\src\gw2dattools\format\Mft.h">
      <Filter>Source Files\format</Filter>
    </ClInclude>
    <ClInclude Include="..\src\gw2dattools\format\Mapping.h">
      <Filter>Source Files\format</Filter>
    </ClInclude>
    <ClInclude Include="..\src\gw2dattools\format\ANDat.h">
      <Filter>Source Files\format</Filter>
    </ClInclude>
    <ClInclude Include="..\src\gw2dattools\utils\BitArray.h">
      <Filter>Source Files\utils</Filter>
    </ClInclude>
    <ClInclude Include="..\include\gw2dattools\compression\inflateDatFileBuffer.h">
      <Filter>Header Files\compression</Filter>
    </ClInclude>
    <ClInclude Include="..\include\gw2dattools\compression\inflateTextureFileBuffer.h">
      <Filter>Header Files\compression</Filter>
    </ClInclude>
    <ClInclude Include="..\include\gw2dattools\exception\Exception.h">
      <Filter>Header Files\exception</Filter>
    </ClInclude>
    <ClInclude Include="..\include\gw2dattools\interface\ANDatInterface.h">
      <Filter>Header Files\interface</Filter>
    </ClInclude>
  </ItemGroup>
</Project>
